// !$*UTF8*$!
{
	archiveVersion = 1;
	classes = {
	};
	objectVersion = 56;
	objects = {

/* Begin PBXBuildFile section */
		3ECCCBBB2B619502008F52FE /* EASE_AMINDApp.swift in Sources */ = {isa = PBXBuildFile; fileRef = 3ECCCBBA2B619502008F52FE /* EASE_AMINDApp.swift */; };
		3ECCCBBD2B619502008F52FE /* ContentView.swift in Sources */ = {isa = PBXBuildFile; fileRef = 3ECCCBBC2B619502008F52FE /* ContentView.swift */; };
		3ECCCBBF2B619504008F52FE /* Assets.xcassets in Resources */ = {isa = PBXBuildFile; fileRef = 3ECCCBBE2B619504008F52FE /* Assets.xcassets */; };
		3ECCCBC22B619504008F52FE /* Preview Assets.xcassets in Resources */ = {isa = PBXBuildFile; fileRef = 3ECCCBC12B619504008F52FE /* Preview Assets.xcassets */; };
		3ECCCBCC2B619504008F52FE /* EASE_AMINDTests.swift in Sources */ = {isa = PBXBuildFile; fileRef = 3ECCCBCB2B619504008F52FE /* EASE_AMINDTests.swift */; };
		3ECCCBD62B619504008F52FE /* EASE_AMINDUITests.swift in Sources */ = {isa = PBXBuildFile; fileRef = 3ECCCBD52B619504008F52FE /* EASE_AMINDUITests.swift */; };
		3ECCCBD82B619504008F52FE /* EASE_AMINDUITestsLaunchTests.swift in Sources */ = {isa = PBXBuildFile; fileRef = 3ECCCBD72B619504008F52FE /* EASE_AMINDUITestsLaunchTests.swift */; };
/* End PBXBuildFile section */

/* Begin PBXContainerItemProxy section */
		3ECCCBC82B619504008F52FE /* PBXContainerItemProxy */ = {
			isa = PBXContainerItemProxy;
			containerPortal = 3ECCCBAF2B619502008F52FE /* Project object */;
			proxyType = 1;
			remoteGlobalIDString = 3ECCCBB62B619502008F52FE;
			remoteInfo = "EASE-AMIND";
		};
		3ECCCBD22B619504008F52FE /* PBXContainerItemProxy */ = {
			isa = PBXContainerItemProxy;
			containerPortal = 3ECCCBAF2B619502008F52FE /* Project object */;
			proxyType = 1;
			remoteGlobalIDString = 3ECCCBB62B619502008F52FE;
			remoteInfo = "EASE-AMIND";
		};
/* End PBXContainerItemProxy section */

/* Begin PBXFileReference section */
		3ECCCBB72B619502008F52FE /* EASE-AMIND.app */ = {isa = PBXFileReference; explicitFileType = wrapper.application; includeInIndex = 0; path = "EASE-AMIND.app"; sourceTree = BUILT_PRODUCTS_DIR; };
		3ECCCBBA2B619502008F52FE /* EASE_AMINDApp.swift */ = {isa = PBXFileReference; lastKnownFileType = sourcecode.swift; path = EASE_AMINDApp.swift; sourceTree = "<group>"; };
		3ECCCBBC2B619502008F52FE /* ContentView.swift */ = {isa = PBXFileReference; lastKnownFileType = sourcecode.swift; path = ContentView.swift; sourceTree = "<group>"; };
		3ECCCBBE2B619504008F52FE /* Assets.xcassets */ = {isa = PBXFileReference; lastKnownFileType = folder.assetcatalog; path = Assets.xcassets; sourceTree = "<group>"; };
		3ECCCBC12B619504008F52FE /* Preview Assets.xcassets */ = {isa = PBXFileReference; lastKnownFileType = folder.assetcatalog; path = "Preview Assets.xcassets"; sourceTree = "<group>"; };
		3ECCCBC72B619504008F52FE /* EASE-AMINDTests.xctest */ = {isa = PBXFileReference; explicitFileType = wrapper.cfbundle; includeInIndex = 0; path = "EASE-AMINDTests.xctest"; sourceTree = BUILT_PRODUCTS_DIR; };
		3ECCCBCB2B619504008F52FE /* EASE_AMINDTests.swift */ = {isa = PBXFileReference; lastKnownFileType = sourcecode.swift; path = EASE_AMINDTests.swift; sourceTree = "<group>"; };
		3ECCCBD12B619504008F52FE /* EASE-AMINDUITests.xctest */ = {isa = PBXFileReference; explicitFileType = wrapper.cfbundle; includeInIndex = 0; path = "EASE-AMINDUITests.xctest"; sourceTree = BUILT_PRODUCTS_DIR; };
		3ECCCBD52B619504008F52FE /* EASE_AMINDUITests.swift */ = {isa = PBXFileReference; lastKnownFileType = sourcecode.swift; path = EASE_AMINDUITests.swift; sourceTree = "<group>"; };
		3ECCCBD72B619504008F52FE /* EASE_AMINDUITestsLaunchTests.swift */ = {isa = PBXFileReference; lastKnownFileType = sourcecode.swift; path = EASE_AMINDUITestsLaunchTests.swift; sourceTree = "<group>"; };
/* End PBXFileReference section */

/* Begin PBXFrameworksBuildPhase section */
		3ECCCBB42B619502008F52FE /* Frameworks */ = {
			isa = PBXFrameworksBuildPhase;
			buildActionMask = 2147483647;
			files = (
			);
			runOnlyForDeploymentPostprocessing = 0;
		};
		3ECCCBC42B619504008F52FE /* Frameworks */ = {
			isa = PBXFrameworksBuildPhase;
			buildActionMask = 2147483647;
			files = (
			);
			runOnlyForDeploymentPostprocessing = 0;
		};
		3ECCCBCE2B619504008F52FE /* Frameworks */ = {
			isa = PBXFrameworksBuildPhase;
			buildActionMask = 2147483647;
			files = (
			);
			runOnlyForDeploymentPostprocessing = 0;
		};
/* End PBXFrameworksBuildPhase section */

/* Begin PBXGroup section */
		3ECCCBAE2B619502008F52FE = {
			isa = PBXGroup;
			children = (
				3ECCCBB92B619502008F52FE /* EASE-AMIND */,
				3ECCCBCA2B619504008F52FE /* EASE-AMINDTests */,
				3ECCCBD42B619504008F52FE /* EASE-AMINDUITests */,
				3ECCCBB82B619502008F52FE /* Products */,
			);
			sourceTree = "<group>";
		};
		3ECCCBB82B619502008F52FE /* Products */ = {
			isa = PBXGroup;
			children = (
				3ECCCBB72B619502008F52FE /* EASE-AMIND.app */,
				3ECCCBC72B619504008F52FE /* EASE-AMINDTests.xctest */,
				3ECCCBD12B619504008F52FE /* EASE-AMINDUITests.xctest */,
			);
			name = Products;
			sourceTree = "<group>";
		};
		3ECCCBB92B619502008F52FE /* EASE-AMIND */ = {
			isa = PBXGroup;
			children = (
				3ECCCBBA2B619502008F52FE /* EASE_AMINDApp.swift */,
				3ECCCBBC2B619502008F52FE /* ContentView.swift */,
				3ECCCBBE2B619504008F52FE /* Assets.xcassets */,
				3ECCCBC02B619504008F52FE /* Preview Content */,
			);
			path = "EASE-AMIND";
			sourceTree = "<group>";
		};
		3ECCCBC02B619504008F52FE /* Preview Content */ = {
			isa = PBXGroup;
			children = (
				3ECCCBC12B619504008F52FE /* Preview Assets.xcassets */,
			);
			path = "Preview Content";
			sourceTree = "<group>";
		};
		3ECCCBCA2B619504008F52FE /* EASE-AMINDTests */ = {
			isa = PBXGroup;
			children = (
				3ECCCBCB2B619504008F52FE /* EASE_AMINDTests.swift */,
			);
			path = "EASE-AMINDTests";
			sourceTree = "<group>";
		};
		3ECCCBD42B619504008F52FE /* EASE-AMINDUITests */ = {
			isa = PBXGroup;
			children = (
				3ECCCBD52B619504008F52FE /* EASE_AMINDUITests.swift */,
				3ECCCBD72B619504008F52FE /* EASE_AMINDUITestsLaunchTests.swift */,
			);
			path = "EASE-AMINDUITests";
			sourceTree = "<group>";
		};
/* End PBXGroup section */

/* Begin PBXNativeTarget section */
		3ECCCBB62B619502008F52FE /* EASE-AMIND */ = {
			isa = PBXNativeTarget;
			buildConfigurationList = 3ECCCBDB2B619504008F52FE /* Build configuration list for PBXNativeTarget "EASE-AMIND" */;
			buildPhases = (
				3ECCCBB32B619502008F52FE /* Sources */,
				3ECCCBB42B619502008F52FE /* Frameworks */,
				3ECCCBB52B619502008F52FE /* Resources */,
			);
			buildRules = (
			);
			dependencies = (
			);
			name = "EASE-AMIND";
			productName = "EASE-AMIND";
			productReference = 3ECCCBB72B619502008F52FE /* EASE-AMIND.app */;
			productType = "com.apple.product-type.application";
		};
		3ECCCBC62B619504008F52FE /* EASE-AMINDTests */ = {
			isa = PBXNativeTarget;
			buildConfigurationList = 3ECCCBDE2B619504008F52FE /* Build configuration list for PBXNativeTarget "EASE-AMINDTests" */;
			buildPhases = (
				3ECCCBC32B619504008F52FE /* Sources */,
				3ECCCBC42B619504008F52FE /* Frameworks */,
				3ECCCBC52B619504008F52FE /* Resources */,
			);
			buildRules = (
			);
			dependencies = (
				3ECCCBC92B619504008F52FE /* PBXTargetDependency */,
			);
			name = "EASE-AMINDTests";
			productName = "EASE-AMINDTests";
			productReference = 3ECCCBC72B619504008F52FE /* EASE-AMINDTests.xctest */;
			productType = "com.apple.product-type.bundle.unit-test";
		};
		3ECCCBD02B619504008F52FE /* EASE-AMINDUITests */ = {
			isa = PBXNativeTarget;
			buildConfigurationList = 3ECCCBE12B619504008F52FE /* Build configuration list for PBXNativeTarget "EASE-AMINDUITests" */;
			buildPhases = (
				3ECCCBCD2B619504008F52FE /* Sources */,
				3ECCCBCE2B619504008F52FE /* Frameworks */,
				3ECCCBCF2B619504008F52FE /* Resources */,
			);
			buildRules = (
			);
			dependencies = (
				3ECCCBD32B619504008F52FE /* PBXTargetDependency */,
			);
			name = "EASE-AMINDUITests";
			productName = "EASE-AMINDUITests";
			productReference = 3ECCCBD12B619504008F52FE /* EASE-AMINDUITests.xctest */;
			productType = "com.apple.product-type.bundle.ui-testing";
		};
/* End PBXNativeTarget section */

/* Begin PBXProject section */
		3ECCCBAF2B619502008F52FE /* Project object */ = {
			isa = PBXProject;
			attributes = {
				BuildIndependentTargetsInParallel = 1;
				LastSwiftUpdateCheck = 1520;
				LastUpgradeCheck = 1520;
				TargetAttributes = {
					3ECCCBB62B619502008F52FE = {
						CreatedOnToolsVersion = 15.2;
					};
					3ECCCBC62B619504008F52FE = {
						CreatedOnToolsVersion = 15.2;
						TestTargetID = 3ECCCBB62B619502008F52FE;
					};
					3ECCCBD02B619504008F52FE = {
						CreatedOnToolsVersion = 15.2;
						TestTargetID = 3ECCCBB62B619502008F52FE;
					};
				};
			};
			buildConfigurationList = 3ECCCBB22B619502008F52FE /* Build configuration list for PBXProject "EASE-AMIND" */;
			compatibilityVersion = "Xcode 14.0";
			developmentRegion = en;
			hasScannedForEncodings = 0;
			knownRegions = (
				en,
				Base,
			);
			mainGroup = 3ECCCBAE2B619502008F52FE;
			productRefGroup = 3ECCCBB82B619502008F52FE /* Products */;
			projectDirPath = "";
			projectRoot = "";
			targets = (
				3ECCCBB62B619502008F52FE /* EASE-AMIND */,
				3ECCCBC62B619504008F52FE /* EASE-AMINDTests */,
				3ECCCBD02B619504008F52FE /* EASE-AMINDUITests */,
			);
		};
/* End PBXProject section */

/* Begin PBXResourcesBuildPhase section */
		3ECCCBB52B619502008F52FE /* Resources */ = {
			isa = PBXResourcesBuildPhase;
			buildActionMask = 2147483647;
			files = (
				3ECCCBC22B619504008F52FE /* Preview Assets.xcassets in Resources */,
				3ECCCBBF2B619504008F52FE /* Assets.xcassets in Resources */,
			);
			runOnlyForDeploymentPostprocessing = 0;
		};
		3ECCCBC52B619504008F52FE /* Resources */ = {
			isa = PBXResourcesBuildPhase;
			buildActionMask = 2147483647;
			files = (
			);
			runOnlyForDeploymentPostprocessing = 0;
		};
		3ECCCBCF2B619504008F52FE /* Resources */ = {
			isa = PBXResourcesBuildPhase;
			buildActionMask = 2147483647;
			files = (
			);
			runOnlyForDeploymentPostprocessing = 0;
		};
/* End PBXResourcesBuildPhase section */

/* Begin PBXSourcesBuildPhase section */
		3ECCCBB32B619502008F52FE /* Sources */ = {
			isa = PBXSourcesBuildPhase;
			buildActionMask = 2147483647;
			files = (
				3ECCCBBD2B619502008F52FE /* ContentView.swift in Sources */,
				3ECCCBBB2B619502008F52FE /* EASE_AMINDApp.swift in Sources */,
			);
			runOnlyForDeploymentPostprocessing = 0;
		};
		3ECCCBC32B619504008F52FE /* Sources */ = {
			isa = PBXSourcesBuildPhase;
			buildActionMask = 2147483647;
			files = (
				3ECCCBCC2B619504008F52FE /* EASE_AMINDTests.swift in Sources */,
			);
			runOnlyForDeploymentPostprocessing = 0;
		};
		3ECCCBCD2B619504008F52FE /* Sources */ = {
			isa = PBXSourcesBuildPhase;
			buildActionMask = 2147483647;
			files = (
				3ECCCBD82B619504008F52FE /* EASE_AMINDUITestsLaunchTests.swift in Sources */,
				3ECCCBD62B619504008F52FE /* EASE_AMINDUITests.swift in Sources */,
			);
			runOnlyForDeploymentPostprocessing = 0;
		};
/* End PBXSourcesBuildPhase section */

/* Begin PBXTargetDependency section */
		3ECCCBC92B619504008F52FE /* PBXTargetDependency */ = {
			isa = PBXTargetDependency;
			target = 3ECCCBB62B619502008F52FE /* EASE-AMIND */;
			targetProxy = 3ECCCBC82B619504008F52FE /* PBXContainerItemProxy */;
		};
		3ECCCBD32B619504008F52FE /* PBXTargetDependency */ = {
			isa = PBXTargetDependency;
			target = 3ECCCBB62B619502008F52FE /* EASE-AMIND */;
			targetProxy = 3ECCCBD22B619504008F52FE /* PBXContainerItemProxy */;
		};
/* End PBXTargetDependency section */

/* Begin XCBuildConfiguration section */
		3ECCCBD92B619504008F52FE /* Debug */ = {
			isa = XCBuildConfiguration;
			buildSettings = {
				ALWAYS_SEARCH_USER_PATHS = NO;
				ASSETCATALOG_COMPILER_GENERATE_SWIFT_ASSET_SYMBOL_EXTENSIONS = YES;
				CLANG_ANALYZER_NONNULL = YES;
				CLANG_ANALYZER_NUMBER_OBJECT_CONVERSION = YES_AGGRESSIVE;
				CLANG_CXX_LANGUAGE_STANDARD = "gnu++20";
				CLANG_ENABLE_MODULES = YES;
				CLANG_ENABLE_OBJC_ARC = YES;
				CLANG_ENABLE_OBJC_WEAK = YES;
				CLANG_WARN_BLOCK_CAPTURE_AUTORELEASING = YES;
				CLANG_WARN_BOOL_CONVERSION = YES;
				CLANG_WARN_COMMA = YES;
				CLANG_WARN_CONSTANT_CONVERSION = YES;
				CLANG_WARN_DEPRECATED_OBJC_IMPLEMENTATIONS = YES;
				CLANG_WARN_DIRECT_OBJC_ISA_USAGE = YES_ERROR;
				CLANG_WARN_DOCUMENTATION_COMMENTS = YES;
				CLANG_WARN_EMPTY_BODY = YES;
				CLANG_WARN_ENUM_CONVERSION = YES;
				CLANG_WARN_INFINITE_RECURSION = YES;
				CLANG_WARN_INT_CONVERSION = YES;
				CLANG_WARN_NON_LITERAL_NULL_CONVERSION = YES;
				CLANG_WARN_OBJC_IMPLICIT_RETAIN_SELF = YES;
				CLANG_WARN_OBJC_LITERAL_CONVERSION = YES;
				CLANG_WARN_OBJC_ROOT_CLASS = YES_ERROR;
				CLANG_WARN_QUOTED_INCLUDE_IN_FRAMEWORK_HEADER = YES;
				CLANG_WARN_RANGE_LOOP_ANALYSIS = YES;
				CLANG_WARN_STRICT_PROTOTYPES = YES;
				CLANG_WARN_SUSPICIOUS_MOVE = YES;
				CLANG_WARN_UNGUARDED_AVAILABILITY = YES_AGGRESSIVE;
				CLANG_WARN_UNREACHABLE_CODE = YES;
				CLANG_WARN__DUPLICATE_METHOD_MATCH = YES;
				COPY_PHASE_STRIP = NO;
				DEBUG_INFORMATION_FORMAT = dwarf;
				ENABLE_STRICT_OBJC_MSGSEND = YES;
				ENABLE_TESTABILITY = YES;
				ENABLE_USER_SCRIPT_SANDBOXING = YES;
				GCC_C_LANGUAGE_STANDARD = gnu17;
				GCC_DYNAMIC_NO_PIC = NO;
				GCC_NO_COMMON_BLOCKS = YES;
				GCC_OPTIMIZATION_LEVEL = 0;
				GCC_PREPROCESSOR_DEFINITIONS = (
					"DEBUG=1",
					"$(inherited)",
				);
				GCC_WARN_64_TO_32_BIT_CONVERSION = YES;
				GCC_WARN_ABOUT_RETURN_TYPE = YES_ERROR;
				GCC_WARN_UNDECLARED_SELECTOR = YES;
				GCC_WARN_UNINITIALIZED_AUTOS = YES_AGGRESSIVE;
				GCC_WARN_UNUSED_FUNCTION = YES;
				GCC_WARN_UNUSED_VARIABLE = YES;
				IPHONEOS_DEPLOYMENT_TARGET = 17.2;
				LOCALIZATION_PREFERS_STRING_CATALOGS = YES;
				MTL_ENABLE_DEBUG_INFO = INCLUDE_SOURCE;
				MTL_FAST_MATH = YES;
				ONLY_ACTIVE_ARCH = YES;
				SDKROOT = iphoneos;
				SWIFT_ACTIVE_COMPILATION_CONDITIONS = "DEBUG $(inherited)";
				SWIFT_OPTIMIZATION_LEVEL = "-Onone";
			};
			name = Debug;
		};
		3ECCCBDA2B619504008F52FE /* Release */ = {
			isa = XCBuildConfiguration;
			buildSettings = {
				ALWAYS_SEARCH_USER_PATHS = NO;
				ASSETCATALOG_COMPILER_GENERATE_SWIFT_ASSET_SYMBOL_EXTENSIONS = YES;
				CLANG_ANALYZER_NONNULL = YES;
				CLANG_ANALYZER_NUMBER_OBJECT_CONVERSION = YES_AGGRESSIVE;
				CLANG_CXX_LANGUAGE_STANDARD = "gnu++20";
				CLANG_ENABLE_MODULES = YES;
				CLANG_ENABLE_OBJC_ARC = YES;
				CLANG_ENABLE_OBJC_WEAK = YES;
				CLANG_WARN_BLOCK_CAPTURE_AUTORELEASING = YES;
				CLANG_WARN_BOOL_CONVERSION = YES;
				CLANG_WARN_COMMA = YES;
				CLANG_WARN_CONSTANT_CONVERSION = YES;
				CLANG_WARN_DEPRECATED_OBJC_IMPLEMENTATIONS = YES;
				CLANG_WARN_DIRECT_OBJC_ISA_USAGE = YES_ERROR;
				CLANG_WARN_DOCUMENTATION_COMMENTS = YES;
				CLANG_WARN_EMPTY_BODY = YES;
				CLANG_WARN_ENUM_CONVERSION = YES;
				CLANG_WARN_INFINITE_RECURSION = YES;
				CLANG_WARN_INT_CONVERSION = YES;
				CLANG_WARN_NON_LITERAL_NULL_CONVERSION = YES;
				CLANG_WARN_OBJC_IMPLICIT_RETAIN_SELF = YES;
				CLANG_WARN_OBJC_LITERAL_CONVERSION = YES;
				CLANG_WARN_OBJC_ROOT_CLASS = YES_ERROR;
				CLANG_WARN_QUOTED_INCLUDE_IN_FRAMEWORK_HEADER = YES;
				CLANG_WARN_RANGE_LOOP_ANALYSIS = YES;
				CLANG_WARN_STRICT_PROTOTYPES = YES;
				CLANG_WARN_SUSPICIOUS_MOVE = YES;
				CLANG_WARN_UNGUARDED_AVAILABILITY = YES_AGGRESSIVE;
				CLANG_WARN_UNREACHABLE_CODE = YES;
				CLANG_WARN__DUPLICATE_METHOD_MATCH = YES;
				COPY_PHASE_STRIP = NO;
				DEBUG_INFORMATION_FORMAT = "dwarf-with-dsym";
				ENABLE_NS_ASSERTIONS = NO;
				ENABLE_STRICT_OBJC_MSGSEND = YES;
				ENABLE_USER_SCRIPT_SANDBOXING = YES;
				GCC_C_LANGUAGE_STANDARD = gnu17;
				GCC_NO_COMMON_BLOCKS = YES;
				GCC_WARN_64_TO_32_BIT_CONVERSION = YES;
				GCC_WARN_ABOUT_RETURN_TYPE = YES_ERROR;
				GCC_WARN_UNDECLARED_SELECTOR = YES;
				GCC_WARN_UNINITIALIZED_AUTOS = YES_AGGRESSIVE;
				GCC_WARN_UNUSED_FUNCTION = YES;
				GCC_WARN_UNUSED_VARIABLE = YES;
				IPHONEOS_DEPLOYMENT_TARGET = 17.2;
				LOCALIZATION_PREFERS_STRING_CATALOGS = YES;
				MTL_ENABLE_DEBUG_INFO = NO;
				MTL_FAST_MATH = YES;
				SDKROOT = iphoneos;
				SWIFT_COMPILATION_MODE = wholemodule;
				VALIDATE_PRODUCT = YES;
			};
			name = Release;
		};
		3ECCCBDC2B619504008F52FE /* Debug */ = {
			isa = XCBuildConfiguration;
			buildSettings = {
				ASSETCATALOG_COMPILER_APPICON_NAME = AppIcon;
				ASSETCATALOG_COMPILER_GLOBAL_ACCENT_COLOR_NAME = AccentColor;
				CODE_SIGN_STYLE = Automatic;
				CURRENT_PROJECT_VERSION = 1;
				DEVELOPMENT_ASSET_PATHS = "\"EASE-AMIND/Preview Content\"";
				DEVELOPMENT_TEAM = Q8CANVUFUS;
				ENABLE_PREVIEWS = YES;
				GENERATE_INFOPLIST_FILE = YES;
				INFOPLIST_KEY_UIApplicationSceneManifest_Generation = YES;
				INFOPLIST_KEY_UIApplicationSupportsIndirectInputEvents = YES;
				INFOPLIST_KEY_UILaunchScreen_Generation = YES;
				INFOPLIST_KEY_UISupportedInterfaceOrientations_iPad = "UIInterfaceOrientationPortrait UIInterfaceOrientationPortraitUpsideDown UIInterfaceOrientationLandscapeLeft UIInterfaceOrientationLandscapeRight";
				INFOPLIST_KEY_UISupportedInterfaceOrientations_iPhone = "UIInterfaceOrientationPortrait UIInterfaceOrientationLandscapeLeft UIInterfaceOrientationLandscapeRight";
				LD_RUNPATH_SEARCH_PATHS = (
					"$(inherited)",
					"@executable_path/Frameworks",
				);
				MARKETING_VERSION = 1.0;
				PRODUCT_BUNDLE_IDENTIFIER = "Personal.EASE-AMIND";
				PRODUCT_NAME = "$(TARGET_NAME)";
				SWIFT_EMIT_LOC_STRINGS = YES;
				SWIFT_VERSION = 5.0;
				TARGETED_DEVICE_FAMILY = "1,2";
			};
			name = Debug;
		};
		3ECCCBDD2B619504008F52FE /* Release */ = {
			isa = XCBuildConfiguration;
			buildSettings = {
				ASSETCATALOG_COMPILER_APPICON_NAME = AppIcon;
				ASSETCATALOG_COMPILER_GLOBAL_ACCENT_COLOR_NAME = AccentColor;
				CODE_SIGN_STYLE = Automatic;
				CURRENT_PROJECT_VERSION = 1;
				DEVELOPMENT_ASSET_PATHS = "\"EASE-AMIND/Preview Content\"";
				DEVELOPMENT_TEAM = Q8CANVUFUS;
				ENABLE_PREVIEWS = YES;
				GENERATE_INFOPLIST_FILE = YES;
				INFOPLIST_KEY_UIApplicationSceneManifest_Generation = YES;
				INFOPLIST_KEY_UIApplicationSupportsIndirectInputEvents = YES;
				INFOPLIST_KEY_UILaunchScreen_Generation = YES;
				INFOPLIST_KEY_UISupportedInterfaceOrientations_iPad = "UIInterfaceOrientationPortrait UIInterfaceOrientationPortraitUpsideDown UIInterfaceOrientationLandscapeLeft UIInterfaceOrientationLandscapeRight";
				INFOPLIST_KEY_UISupportedInterfaceOrientations_iPhone = "UIInterfaceOrientationPortrait UIInterfaceOrientationLandscapeLeft UIInterfaceOrientationLandscapeRight";
				LD_RUNPATH_SEARCH_PATHS = (
					"$(inherited)",
					"@executable_path/Frameworks",
				);
				MARKETING_VERSION = 1.0;
				PRODUCT_BUNDLE_IDENTIFIER = "Personal.EASE-AMIND";
				PRODUCT_NAME = "$(TARGET_NAME)";
				SWIFT_EMIT_LOC_STRINGS = YES;
				SWIFT_VERSION = 5.0;
				TARGETED_DEVICE_FAMILY = "1,2";
			};
			name = Release;
		};
		3ECCCBDF2B619504008F52FE /* Debug */ = {
			isa = XCBuildConfiguration;
			buildSettings = {
				ALWAYS_EMBED_SWIFT_STANDARD_LIBRARIES = YES;
				BUNDLE_LOADER = "$(TEST_HOST)";
				CODE_SIGN_STYLE = Automatic;
				CURRENT_PROJECT_VERSION = 1;
				DEVELOPMENT_TEAM = Q8CANVUFUS;
				GENERATE_INFOPLIST_FILE = YES;
				IPHONEOS_DEPLOYMENT_TARGET = 17.2;
				MARKETING_VERSION = 1.0;
				PRODUCT_BUNDLE_IDENTIFIER = "Personal.EASE-AMINDTests";
				PRODUCT_NAME = "$(TARGET_NAME)";
				SWIFT_EMIT_LOC_STRINGS = NO;
				SWIFT_VERSION = 5.0;
				TARGETED_DEVICE_FAMILY = "1,2";
				TEST_HOST = "$(BUILT_PRODUCTS_DIR)/EASE-AMIND.app/$(BUNDLE_EXECUTABLE_FOLDER_PATH)/EASE-AMIND";
			};
			name = Debug;
		};
		3ECCCBE02B619504008F52FE /* Release */ = {
			isa = XCBuildConfiguration;
			buildSettings = {
				ALWAYS_EMBED_SWIFT_STANDARD_LIBRARIES = YES;
				BUNDLE_LOADER = "$(TEST_HOST)";
				CODE_SIGN_STYLE = Automatic;
				CURRENT_PROJECT_VERSION = 1;
				DEVELOPMENT_TEAM = Q8CANVUFUS;
				GENERATE_INFOPLIST_FILE = YES;
				IPHONEOS_DEPLOYMENT_TARGET = 17.2;
				MARKETING_VERSION = 1.0;
				PRODUCT_BUNDLE_IDENTIFIER = "Personal.EASE-AMINDTests";
				PRODUCT_NAME = "$(TARGET_NAME)";
				SWIFT_EMIT_LOC_STRINGS = NO;
				SWIFT_VERSION = 5.0;
				TARGETED_DEVICE_FAMILY = "1,2";
				TEST_HOST = "$(BUILT_PRODUCTS_DIR)/EASE-AMIND.app/$(BUNDLE_EXECUTABLE_FOLDER_PATH)/EASE-AMIND";
			};
			name = Release;
		};
		3ECCCBE22B619504008F52FE /* Debug */ = {
			isa = XCBuildConfiguration;
			buildSettings = {
				ALWAYS_EMBED_SWIFT_STANDARD_LIBRARIES = YES;
				CODE_SIGN_STYLE = Automatic;
				CURRENT_PROJECT_VERSION = 1;
				DEVELOPMENT_TEAM = Q8CANVUFUS;
				GENERATE_INFOPLIST_FILE = YES;
				MARKETING_VERSION = 1.0;
				PRODUCT_BUNDLE_IDENTIFIER = "Personal.EASE-AMINDUITests";
				PRODUCT_NAME = "$(TARGET_NAME)";
				SWIFT_EMIT_LOC_STRINGS = NO;
				SWIFT_VERSION = 5.0;
				TARGETED_DEVICE_FAMILY = "1,2";
				TEST_TARGET_NAME = "EASE-AMIND";
			};
			name = Debug;
		};
		3ECCCBE32B619504008F52FE /* Release */ = {
			isa = XCBuildConfiguration;
			buildSettings = {
				ALWAYS_EMBED_SWIFT_STANDARD_LIBRARIES = YES;
				CODE_SIGN_STYLE = Automatic;
				CURRENT_PROJECT_VERSION = 1;
				DEVELOPMENT_TEAM = Q8CANVUFUS;
				GENERATE_INFOPLIST_FILE = YES;
				MARKETING_VERSION = 1.0;
				PRODUCT_BUNDLE_IDENTIFIER = "Personal.EASE-AMINDUITests";
				PRODUCT_NAME = "$(TARGET_NAME)";
				SWIFT_EMIT_LOC_STRINGS = NO;
				SWIFT_VERSION = 5.0;
				TARGETED_DEVICE_FAMILY = "1,2";
				TEST_TARGET_NAME = "EASE-AMIND";
			};
			name = Release;
		};
/* End XCBuildConfiguration section */

/* Begin XCConfigurationList section */
		3ECCCBB22B619502008F52FE /* Build configuration list for PBXProject "EASE-AMIND" */ = {
			isa = XCConfigurationList;
			buildConfigurations = (
				3ECCCBD92B619504008F52FE /* Debug */,
				3ECCCBDA2B619504008F52FE /* Release */,
			);
			defaultConfigurationIsVisible = 0;
			defaultConfigurationName = Release;
		};
		3ECCCBDB2B619504008F52FE /* Build configuration list for PBXNativeTarget "EASE-AMIND" */ = {
			isa = XCConfigurationList;
			buildConfigurations = (
				3ECCCBDC2B619504008F52FE /* Debug */,
				3ECCCBDD2B619504008F52FE /* Release */,
			);
			defaultConfigurationIsVisible = 0;
			defaultConfigurationName = Release;
		};
		3ECCCBDE2B619504008F52FE /* Build configuration list for PBXNativeTarget "EASE-AMINDTests" */ = {
			isa = XCConfigurationList;
			buildConfigurations = (
				3ECCCBDF2B619504008F52FE /* Debug */,
				3ECCCBE02B619504008F52FE /* Release */,
			);
			defaultConfigurationIsVisible = 0;
			defaultConfigurationName = Release;
		};
		3ECCCBE12B619504008F52FE /* Build configuration list for PBXNativeTarget "EASE-AMINDUITests" */ = {
			isa = XCConfigurationList;
			buildConfigurations = (
				3ECCCBE22B619504008F52FE /* Debug */,
				3ECCCBE32B619504008F52FE /* Release */,
			);
			defaultConfigurationIsVisible = 0;
			defaultConfigurationName = Release;
		};
/* End XCConfigurationList section */
	};
	rootObject = 3ECCCBAF2B619502008F52FE /* Project object */;
}
